// !$*UTF8*$!
{
	archiveVersion = 1;
	classes = {
	};
	objectVersion = 55;
	objects = {

/* Begin PBXBuildFile section */
		2E53A126288B6743006C71D2 /* CompletionViewController.m in Sources */ = {isa = PBXBuildFile; fileRef = 2E53A125288B6743006C71D2 /* CompletionViewController.m */; };
		2E53A12A288B6E30006C71D2 /* AnimationView.swift in Sources */ = {isa = PBXBuildFile; fileRef = 2E53A129288B6E30006C71D2 /* AnimationView.swift */; };
		2E53A12E288B7336006C71D2 /* success-check.json in Resources */ = {isa = PBXBuildFile; fileRef = 2E53A12D288B7336006C71D2 /* success-check.json */; };
		2E53A132288F1F92006C71D2 /* NotificationManager.m in Sources */ = {isa = PBXBuildFile; fileRef = 2E53A131288F1F92006C71D2 /* NotificationManager.m */; };
		2E53A135288F6F75006C71D2 /* ProfileViewController.m in Sources */ = {isa = PBXBuildFile; fileRef = 2E53A134288F6F75006C71D2 /* ProfileViewController.m */; };
		2E53A13D2891E11A006C71D2 /* Styles.m in Sources */ = {isa = PBXBuildFile; fileRef = 2E53A13C2891E11A006C71D2 /* Styles.m */; };
		2E7DAEC52882801C00097E33 /* Poppins-ExtraLight.ttf in Resources */ = {isa = PBXBuildFile; fileRef = 2E7DAEB22882801C00097E33 /* Poppins-ExtraLight.ttf */; };
		2E7DAEC62882801C00097E33 /* Poppins-ThinItalic.ttf in Resources */ = {isa = PBXBuildFile; fileRef = 2E7DAEB32882801C00097E33 /* Poppins-ThinItalic.ttf */; };
		2E7DAEC72882801C00097E33 /* Poppins-ExtraLightItalic.ttf in Resources */ = {isa = PBXBuildFile; fileRef = 2E7DAEB42882801C00097E33 /* Poppins-ExtraLightItalic.ttf */; };
		2E7DAEC82882801C00097E33 /* Poppins-BoldItalic.ttf in Resources */ = {isa = PBXBuildFile; fileRef = 2E7DAEB52882801C00097E33 /* Poppins-BoldItalic.ttf */; };
		2E7DAEC92882801C00097E33 /* Poppins-Light.ttf in Resources */ = {isa = PBXBuildFile; fileRef = 2E7DAEB62882801C00097E33 /* Poppins-Light.ttf */; };
		2E7DAECA2882801C00097E33 /* Poppins-Medium.ttf in Resources */ = {isa = PBXBuildFile; fileRef = 2E7DAEB72882801C00097E33 /* Poppins-Medium.ttf */; };
		2E7DAECB2882801C00097E33 /* Poppins-SemiBoldItalic.ttf in Resources */ = {isa = PBXBuildFile; fileRef = 2E7DAEB82882801C00097E33 /* Poppins-SemiBoldItalic.ttf */; };
		2E7DAECC2882801C00097E33 /* Poppins-ExtraBoldItalic.ttf in Resources */ = {isa = PBXBuildFile; fileRef = 2E7DAEB92882801C00097E33 /* Poppins-ExtraBoldItalic.ttf */; };
		2E7DAECD2882801C00097E33 /* Poppins-ExtraBold.ttf in Resources */ = {isa = PBXBuildFile; fileRef = 2E7DAEBA2882801C00097E33 /* Poppins-ExtraBold.ttf */; };
		2E7DAECE2882801C00097E33 /* Poppins-BlackItalic.ttf in Resources */ = {isa = PBXBuildFile; fileRef = 2E7DAEBB2882801C00097E33 /* Poppins-BlackItalic.ttf */; };
		2E7DAECF2882801C00097E33 /* OFL.txt in Resources */ = {isa = PBXBuildFile; fileRef = 2E7DAEBC2882801C00097E33 /* OFL.txt */; };
		2E7DAED02882801C00097E33 /* Poppins-Regular.ttf in Resources */ = {isa = PBXBuildFile; fileRef = 2E7DAEBD2882801C00097E33 /* Poppins-Regular.ttf */; };
		2E7DAED12882801C00097E33 /* Poppins-LightItalic.ttf in Resources */ = {isa = PBXBuildFile; fileRef = 2E7DAEBE2882801C00097E33 /* Poppins-LightItalic.ttf */; };
		2E7DAED22882801C00097E33 /* Poppins-Bold.ttf in Resources */ = {isa = PBXBuildFile; fileRef = 2E7DAEBF2882801C00097E33 /* Poppins-Bold.ttf */; };
		2E7DAED32882801C00097E33 /* Poppins-Black.ttf in Resources */ = {isa = PBXBuildFile; fileRef = 2E7DAEC02882801C00097E33 /* Poppins-Black.ttf */; };
		2E7DAED42882801C00097E33 /* Poppins-Thin.ttf in Resources */ = {isa = PBXBuildFile; fileRef = 2E7DAEC12882801C00097E33 /* Poppins-Thin.ttf */; };
		2E7DAED52882801C00097E33 /* Poppins-SemiBold.ttf in Resources */ = {isa = PBXBuildFile; fileRef = 2E7DAEC22882801C00097E33 /* Poppins-SemiBold.ttf */; };
		2E7DAED62882801C00097E33 /* Poppins-Italic.ttf in Resources */ = {isa = PBXBuildFile; fileRef = 2E7DAEC32882801C00097E33 /* Poppins-Italic.ttf */; };
		2E7DAED72882801C00097E33 /* Poppins-MediumItalic.ttf in Resources */ = {isa = PBXBuildFile; fileRef = 2E7DAEC42882801C00097E33 /* Poppins-MediumItalic.ttf */; };
		2E7DAED92885DAF500097E33 /* VideoCapture.swift in Sources */ = {isa = PBXBuildFile; fileRef = 2E7DAED82885DAF500097E33 /* VideoCapture.swift */; };
		2E7DAEDB2885DB2900097E33 /* AVCaptureVideoOrientation+Extension.swift in Sources */ = {isa = PBXBuildFile; fileRef = 2E7DAEDA2885DB2900097E33 /* AVCaptureVideoOrientation+Extension.swift */; };
		2EA0797E287611C000931A86 /* LoginViewController.m in Sources */ = {isa = PBXBuildFile; fileRef = 2EA0797D287611C000931A86 /* LoginViewController.m */; };
		2EA079812876144D00931A86 /* RegisterViewController.m in Sources */ = {isa = PBXBuildFile; fileRef = 2EA079802876144D00931A86 /* RegisterViewController.m */; };
		2EA079842876146400931A86 /* GalleryViewController.m in Sources */ = {isa = PBXBuildFile; fileRef = 2EA079832876146400931A86 /* GalleryViewController.m */; };
		2EA079872876148300931A86 /* GuideViewController.m in Sources */ = {isa = PBXBuildFile; fileRef = 2EA079862876148300931A86 /* GuideViewController.m */; };
		2EA0798B287615B100931A86 /* Keys.plist in Resources */ = {isa = PBXBuildFile; fileRef = 2EA0798A287615B100931A86 /* Keys.plist */; };
		2EA0798E287655E700931A86 /* User.m in Sources */ = {isa = PBXBuildFile; fileRef = 2EA0798D287655E700931A86 /* User.m */; };
		2EA0799128765ACD00931A86 /* YogaPoseAPIManager.m in Sources */ = {isa = PBXBuildFile; fileRef = 2EA0799028765ACD00931A86 /* YogaPoseAPIManager.m */; };
		2EA0799A28774B9500931A86 /* PoseImageView.m in Sources */ = {isa = PBXBuildFile; fileRef = 2EA0799928774B9500931A86 /* PoseImageView.m */; };
		2ED124A4287C93A800DD5CBF /* WorkoutCell.m in Sources */ = {isa = PBXBuildFile; fileRef = 2ED124A3287C93A800DD5CBF /* WorkoutCell.m */; };
		2ED124AB287DE8F000DD5CBF /* Workout.m in Sources */ = {isa = PBXBuildFile; fileRef = 2ED124AA287DE8F000DD5CBF /* Workout.m */; };
		2ED124AE287E796200DD5CBF /* YogaPose.m in Sources */ = {isa = PBXBuildFile; fileRef = 2ED124AD287E796200DD5CBF /* YogaPose.m */; };
		2ED12511287F6B9000DD5CBF /* Joint.swift in Sources */ = {isa = PBXBuildFile; fileRef = 2ED12510287F6B9000DD5CBF /* Joint.swift */; };
		2ED12513287F6C2F00DD5CBF /* PoseNetOutput.swift in Sources */ = {isa = PBXBuildFile; fileRef = 2ED12512287F6C2F00DD5CBF /* PoseNetOutput.swift */; };
		2ED12517287F6C4A00DD5CBF /* PoseNetMobileNet075S16FP16.mlmodel in Sources */ = {isa = PBXBuildFile; fileRef = 2ED12514287F6C4A00DD5CBF /* PoseNetMobileNet075S16FP16.mlmodel */; };
		2ED12518287F6C4A00DD5CBF /* PoseNetInput.swift in Sources */ = {isa = PBXBuildFile; fileRef = 2ED12515287F6C4A00DD5CBF /* PoseNetInput.swift */; };
		2ED12519287F6C4A00DD5CBF /* PoseNet.swift in Sources */ = {isa = PBXBuildFile; fileRef = 2ED12516287F6C4A00DD5CBF /* PoseNet.swift */; };
		2ED1251C287F6CCA00DD5CBF /* CGImage+Extension.swift in Sources */ = {isa = PBXBuildFile; fileRef = 2ED1251A287F6CCA00DD5CBF /* CGImage+Extension.swift */; };
		2ED1251D287F6CCA00DD5CBF /* CGPoint+Extension.swift in Sources */ = {isa = PBXBuildFile; fileRef = 2ED1251B287F6CCA00DD5CBF /* CGPoint+Extension.swift */; };
		2ED12523287F6CE900DD5CBF /* PoseBuilderConfiguration.swift in Sources */ = {isa = PBXBuildFile; fileRef = 2ED1251E287F6CE900DD5CBF /* PoseBuilderConfiguration.swift */; };
		2ED12524287F6CE900DD5CBF /* PoseBuilder.swift in Sources */ = {isa = PBXBuildFile; fileRef = 2ED1251F287F6CE900DD5CBF /* PoseBuilder.swift */; };
		2ED12525287F6CE900DD5CBF /* Pose.swift in Sources */ = {isa = PBXBuildFile; fileRef = 2ED12520287F6CE900DD5CBF /* Pose.swift */; };
		2ED12526287F6CE900DD5CBF /* PoseBuilder+Multiple.swift in Sources */ = {isa = PBXBuildFile; fileRef = 2ED12521287F6CE900DD5CBF /* PoseBuilder+Multiple.swift */; };
		2ED12527287F6CE900DD5CBF /* PoseBuilder+Single.swift in Sources */ = {isa = PBXBuildFile; fileRef = 2ED12522287F6CE900DD5CBF /* PoseBuilder+Single.swift */; };
		2ED1252A2880965A00DD5CBF /* GalleryViewHeader.m in Sources */ = {isa = PBXBuildFile; fileRef = 2ED125292880965A00DD5CBF /* GalleryViewHeader.m */; };
		2ED1252D2880CC9000DD5CBF /* JointSegment.m in Sources */ = {isa = PBXBuildFile; fileRef = 2ED1252C2880CC9000DD5CBF /* JointSegment.m */; };
		2ED6586328760D5100B66436 /* AppDelegate.m in Sources */ = {isa = PBXBuildFile; fileRef = 2ED6586228760D5100B66436 /* AppDelegate.m */; };
		2ED6586628760D5100B66436 /* SceneDelegate.m in Sources */ = {isa = PBXBuildFile; fileRef = 2ED6586528760D5100B66436 /* SceneDelegate.m */; };
		2ED6586C28760D5100B66436 /* Main.storyboard in Resources */ = {isa = PBXBuildFile; fileRef = 2ED6586A28760D5100B66436 /* Main.storyboard */; };
		2ED6586E28760D5200B66436 /* Assets.xcassets in Resources */ = {isa = PBXBuildFile; fileRef = 2ED6586D28760D5200B66436 /* Assets.xcassets */; };
		2ED6587128760D5200B66436 /* LaunchScreen.storyboard in Resources */ = {isa = PBXBuildFile; fileRef = 2ED6586F28760D5200B66436 /* LaunchScreen.storyboard */; };
		2ED6587428760D5200B66436 /* main.m in Sources */ = {isa = PBXBuildFile; fileRef = 2ED6587328760D5200B66436 /* main.m */; };
		2ED6587E28760D5200B66436 /* riseTests.m in Sources */ = {isa = PBXBuildFile; fileRef = 2ED6587D28760D5200B66436 /* riseTests.m */; };
		2ED6588828760D5200B66436 /* riseUITests.m in Sources */ = {isa = PBXBuildFile; fileRef = 2ED6588728760D5200B66436 /* riseUITests.m */; };
		2ED6588A28760D5200B66436 /* riseUITestsLaunchTests.m in Sources */ = {isa = PBXBuildFile; fileRef = 2ED6588928760D5200B66436 /* riseUITestsLaunchTests.m */; };
		3736CADEB2AA3803C40A16E9 /* Pods_riseTests.framework in Frameworks */ = {isa = PBXBuildFile; fileRef = 19087805CD20347335A84649 /* Pods_riseTests.framework */; };
		5D8267FC61DD3B20317CED35 /* Pods_rise.framework in Frameworks */ = {isa = PBXBuildFile; fileRef = CE7188923E3A8320555BE7C9 /* Pods_rise.framework */; };
		FF1074AD65948910A6CA2107 /* Pods_rise_riseUITests.framework in Frameworks */ = {isa = PBXBuildFile; fileRef = 19A880A6BE4B8115ADCBECCB /* Pods_rise_riseUITests.framework */; };
/* End PBXBuildFile section */

/* Begin PBXContainerItemProxy section */
		2ED6587A28760D5200B66436 /* PBXContainerItemProxy */ = {
			isa = PBXContainerItemProxy;
			containerPortal = 2ED6585628760D5100B66436 /* Project object */;
			proxyType = 1;
			remoteGlobalIDString = 2ED6585D28760D5100B66436;
			remoteInfo = rise;
		};
		2ED6588428760D5200B66436 /* PBXContainerItemProxy */ = {
			isa = PBXContainerItemProxy;
			containerPortal = 2ED6585628760D5100B66436 /* Project object */;
			proxyType = 1;
			remoteGlobalIDString = 2ED6585D28760D5100B66436;
			remoteInfo = rise;
		};
/* End PBXContainerItemProxy section */

/* Begin PBXFileReference section */
		19087805CD20347335A84649 /* Pods_riseTests.framework */ = {isa = PBXFileReference; explicitFileType = wrapper.framework; includeInIndex = 0; path = Pods_riseTests.framework; sourceTree = BUILT_PRODUCTS_DIR; };
		19A880A6BE4B8115ADCBECCB /* Pods_rise_riseUITests.framework */ = {isa = PBXFileReference; explicitFileType = wrapper.framework; includeInIndex = 0; path = Pods_rise_riseUITests.framework; sourceTree = BUILT_PRODUCTS_DIR; };
		2CD7FD21D01B8C6A73C2CA80 /* Pods-rise-riseUITests.debug.xcconfig */ = {isa = PBXFileReference; includeInIndex = 1; lastKnownFileType = text.xcconfig; name = "Pods-rise-riseUITests.debug.xcconfig"; path = "Target Support Files/Pods-rise-riseUITests/Pods-rise-riseUITests.debug.xcconfig"; sourceTree = "<group>"; };
		2E53A124288B6743006C71D2 /* CompletionViewController.h */ = {isa = PBXFileReference; lastKnownFileType = sourcecode.c.h; path = CompletionViewController.h; sourceTree = "<group>"; };
		2E53A125288B6743006C71D2 /* CompletionViewController.m */ = {isa = PBXFileReference; lastKnownFileType = sourcecode.c.objc; path = CompletionViewController.m; sourceTree = "<group>"; };
		2E53A129288B6E30006C71D2 /* AnimationView.swift */ = {isa = PBXFileReference; lastKnownFileType = sourcecode.swift; path = AnimationView.swift; sourceTree = "<group>"; };
		2E53A12D288B7336006C71D2 /* success-check.json */ = {isa = PBXFileReference; fileEncoding = 4; lastKnownFileType = text.json; path = "success-check.json"; sourceTree = "<group>"; };
		2E53A130288F1F91006C71D2 /* NotificationManager.h */ = {isa = PBXFileReference; lastKnownFileType = sourcecode.c.h; path = NotificationManager.h; sourceTree = "<group>"; };
		2E53A131288F1F92006C71D2 /* NotificationManager.m */ = {isa = PBXFileReference; lastKnownFileType = sourcecode.c.objc; path = NotificationManager.m; sourceTree = "<group>"; };
		2E53A133288F6F75006C71D2 /* ProfileViewController.h */ = {isa = PBXFileReference; lastKnownFileType = sourcecode.c.h; path = ProfileViewController.h; sourceTree = "<group>"; };
		2E53A134288F6F75006C71D2 /* ProfileViewController.m */ = {isa = PBXFileReference; lastKnownFileType = sourcecode.c.objc; path = ProfileViewController.m; sourceTree = "<group>"; };
		2E53A13B2891E11A006C71D2 /* Styles.h */ = {isa = PBXFileReference; lastKnownFileType = sourcecode.c.h; path = Styles.h; sourceTree = "<group>"; };
		2E53A13C2891E11A006C71D2 /* Styles.m */ = {isa = PBXFileReference; lastKnownFileType = sourcecode.c.objc; path = Styles.m; sourceTree = "<group>"; };
		2E7DAEB22882801C00097E33 /* Poppins-ExtraLight.ttf */ = {isa = PBXFileReference; lastKnownFileType = file; path = "Poppins-ExtraLight.ttf"; sourceTree = "<group>"; };
		2E7DAEB32882801C00097E33 /* Poppins-ThinItalic.ttf */ = {isa = PBXFileReference; lastKnownFileType = file; path = "Poppins-ThinItalic.ttf"; sourceTree = "<group>"; };
		2E7DAEB42882801C00097E33 /* Poppins-ExtraLightItalic.ttf */ = {isa = PBXFileReference; lastKnownFileType = file; path = "Poppins-ExtraLightItalic.ttf"; sourceTree = "<group>"; };
		2E7DAEB52882801C00097E33 /* Poppins-BoldItalic.ttf */ = {isa = PBXFileReference; lastKnownFileType = file; path = "Poppins-BoldItalic.ttf"; sourceTree = "<group>"; };
		2E7DAEB62882801C00097E33 /* Poppins-Light.ttf */ = {isa = PBXFileReference; lastKnownFileType = file; path = "Poppins-Light.ttf"; sourceTree = "<group>"; };
		2E7DAEB72882801C00097E33 /* Poppins-Medium.ttf */ = {isa = PBXFileReference; lastKnownFileType = file; path = "Poppins-Medium.ttf"; sourceTree = "<group>"; };
		2E7DAEB82882801C00097E33 /* Poppins-SemiBoldItalic.ttf */ = {isa = PBXFileReference; lastKnownFileType = file; path = "Poppins-SemiBoldItalic.ttf"; sourceTree = "<group>"; };
		2E7DAEB92882801C00097E33 /* Poppins-ExtraBoldItalic.ttf */ = {isa = PBXFileReference; lastKnownFileType = file; path = "Poppins-ExtraBoldItalic.ttf"; sourceTree = "<group>"; };
		2E7DAEBA2882801C00097E33 /* Poppins-ExtraBold.ttf */ = {isa = PBXFileReference; lastKnownFileType = file; path = "Poppins-ExtraBold.ttf"; sourceTree = "<group>"; };
		2E7DAEBB2882801C00097E33 /* Poppins-BlackItalic.ttf */ = {isa = PBXFileReference; lastKnownFileType = file; path = "Poppins-BlackItalic.ttf"; sourceTree = "<group>"; };
		2E7DAEBC2882801C00097E33 /* OFL.txt */ = {isa = PBXFileReference; fileEncoding = 4; lastKnownFileType = text; path = OFL.txt; sourceTree = "<group>"; };
		2E7DAEBD2882801C00097E33 /* Poppins-Regular.ttf */ = {isa = PBXFileReference; lastKnownFileType = file; path = "Poppins-Regular.ttf"; sourceTree = "<group>"; };
		2E7DAEBE2882801C00097E33 /* Poppins-LightItalic.ttf */ = {isa = PBXFileReference; lastKnownFileType = file; path = "Poppins-LightItalic.ttf"; sourceTree = "<group>"; };
		2E7DAEBF2882801C00097E33 /* Poppins-Bold.ttf */ = {isa = PBXFileReference; lastKnownFileType = file; path = "Poppins-Bold.ttf"; sourceTree = "<group>"; };
		2E7DAEC02882801C00097E33 /* Poppins-Black.ttf */ = {isa = PBXFileReference; lastKnownFileType = file; path = "Poppins-Black.ttf"; sourceTree = "<group>"; };
		2E7DAEC12882801C00097E33 /* Poppins-Thin.ttf */ = {isa = PBXFileReference; lastKnownFileType = file; path = "Poppins-Thin.ttf"; sourceTree = "<group>"; };
		2E7DAEC22882801C00097E33 /* Poppins-SemiBold.ttf */ = {isa = PBXFileReference; lastKnownFileType = file; path = "Poppins-SemiBold.ttf"; sourceTree = "<group>"; };
		2E7DAEC32882801C00097E33 /* Poppins-Italic.ttf */ = {isa = PBXFileReference; lastKnownFileType = file; path = "Poppins-Italic.ttf"; sourceTree = "<group>"; };
		2E7DAEC42882801C00097E33 /* Poppins-MediumItalic.ttf */ = {isa = PBXFileReference; lastKnownFileType = file; path = "Poppins-MediumItalic.ttf"; sourceTree = "<group>"; };
		2E7DAED82885DAF500097E33 /* VideoCapture.swift */ = {isa = PBXFileReference; lastKnownFileType = sourcecode.swift; path = VideoCapture.swift; sourceTree = "<group>"; };
		2E7DAEDA2885DB2900097E33 /* AVCaptureVideoOrientation+Extension.swift */ = {isa = PBXFileReference; lastKnownFileType = sourcecode.swift; path = "AVCaptureVideoOrientation+Extension.swift"; sourceTree = "<group>"; };
		2EA0797C287611C000931A86 /* LoginViewController.h */ = {isa = PBXFileReference; lastKnownFileType = sourcecode.c.h; path = LoginViewController.h; sourceTree = "<group>"; };
		2EA0797D287611C000931A86 /* LoginViewController.m */ = {isa = PBXFileReference; lastKnownFileType = sourcecode.c.objc; path = LoginViewController.m; sourceTree = "<group>"; };
		2EA0797F2876144D00931A86 /* RegisterViewController.h */ = {isa = PBXFileReference; lastKnownFileType = sourcecode.c.h; path = RegisterViewController.h; sourceTree = "<group>"; };
		2EA079802876144D00931A86 /* RegisterViewController.m */ = {isa = PBXFileReference; lastKnownFileType = sourcecode.c.objc; path = RegisterViewController.m; sourceTree = "<group>"; };
		2EA079822876146400931A86 /* GalleryViewController.h */ = {isa = PBXFileReference; lastKnownFileType = sourcecode.c.h; path = GalleryViewController.h; sourceTree = "<group>"; };
		2EA079832876146400931A86 /* GalleryViewController.m */ = {isa = PBXFileReference; lastKnownFileType = sourcecode.c.objc; path = GalleryViewController.m; sourceTree = "<group>"; };
		2EA079852876148300931A86 /* GuideViewController.h */ = {isa = PBXFileReference; lastKnownFileType = sourcecode.c.h; path = GuideViewController.h; sourceTree = "<group>"; };
		2EA079862876148300931A86 /* GuideViewController.m */ = {isa = PBXFileReference; lastKnownFileType = sourcecode.c.objc; path = GuideViewController.m; sourceTree = "<group>"; };
		2EA0798A287615B100931A86 /* Keys.plist */ = {isa = PBXFileReference; lastKnownFileType = text.plist.xml; path = Keys.plist; sourceTree = "<group>"; };
		2EA0798C287655E700931A86 /* User.h */ = {isa = PBXFileReference; lastKnownFileType = sourcecode.c.h; path = User.h; sourceTree = "<group>"; };
		2EA0798D287655E700931A86 /* User.m */ = {isa = PBXFileReference; lastKnownFileType = sourcecode.c.objc; path = User.m; sourceTree = "<group>"; };
		2EA0798F28765ACD00931A86 /* YogaPoseAPIManager.h */ = {isa = PBXFileReference; lastKnownFileType = sourcecode.c.h; path = YogaPoseAPIManager.h; sourceTree = "<group>"; };
		2EA0799028765ACD00931A86 /* YogaPoseAPIManager.m */ = {isa = PBXFileReference; lastKnownFileType = sourcecode.c.objc; path = YogaPoseAPIManager.m; sourceTree = "<group>"; };
		2EA0799828774B9500931A86 /* PoseImageView.h */ = {isa = PBXFileReference; lastKnownFileType = sourcecode.c.h; path = PoseImageView.h; sourceTree = "<group>"; };
		2EA0799928774B9500931A86 /* PoseImageView.m */ = {isa = PBXFileReference; lastKnownFileType = sourcecode.c.objc; path = PoseImageView.m; sourceTree = "<group>"; };
		2ED124A2287C93A800DD5CBF /* WorkoutCell.h */ = {isa = PBXFileReference; lastKnownFileType = sourcecode.c.h; path = WorkoutCell.h; sourceTree = "<group>"; };
		2ED124A3287C93A800DD5CBF /* WorkoutCell.m */ = {isa = PBXFileReference; lastKnownFileType = sourcecode.c.objc; path = WorkoutCell.m; sourceTree = "<group>"; };
		2ED124A5287CF74000DD5CBF /* SVGKit.framework */ = {isa = PBXFileReference; explicitFileType = wrapper.framework; path = SVGKit.framework; sourceTree = BUILT_PRODUCTS_DIR; };
		2ED124A9287DE8F000DD5CBF /* Workout.h */ = {isa = PBXFileReference; lastKnownFileType = sourcecode.c.h; path = Workout.h; sourceTree = "<group>"; };
		2ED124AA287DE8F000DD5CBF /* Workout.m */ = {isa = PBXFileReference; lastKnownFileType = sourcecode.c.objc; path = Workout.m; sourceTree = "<group>"; };
		2ED124AC287E796200DD5CBF /* YogaPose.h */ = {isa = PBXFileReference; lastKnownFileType = sourcecode.c.h; path = YogaPose.h; sourceTree = "<group>"; };
		2ED124AD287E796200DD5CBF /* YogaPose.m */ = {isa = PBXFileReference; lastKnownFileType = sourcecode.c.objc; path = YogaPose.m; sourceTree = "<group>"; };
		2ED1250F287F6B8F00DD5CBF /* rise-Bridging-Header.h */ = {isa = PBXFileReference; lastKnownFileType = sourcecode.c.h; path = "rise-Bridging-Header.h"; sourceTree = "<group>"; };
		2ED12510287F6B9000DD5CBF /* Joint.swift */ = {isa = PBXFileReference; fileEncoding = 4; lastKnownFileType = sourcecode.swift; path = Joint.swift; sourceTree = "<group>"; };
		2ED12512287F6C2F00DD5CBF /* PoseNetOutput.swift */ = {isa = PBXFileReference; fileEncoding = 4; lastKnownFileType = sourcecode.swift; path = PoseNetOutput.swift; sourceTree = "<group>"; };
		2ED12514287F6C4A00DD5CBF /* PoseNetMobileNet075S16FP16.mlmodel */ = {isa = PBXFileReference; lastKnownFileType = file.mlmodel; path = PoseNetMobileNet075S16FP16.mlmodel; sourceTree = "<group>"; };
		2ED12515287F6C4A00DD5CBF /* PoseNetInput.swift */ = {isa = PBXFileReference; fileEncoding = 4; lastKnownFileType = sourcecode.swift; path = PoseNetInput.swift; sourceTree = "<group>"; };
		2ED12516287F6C4A00DD5CBF /* PoseNet.swift */ = {isa = PBXFileReference; fileEncoding = 4; lastKnownFileType = sourcecode.swift; path = PoseNet.swift; sourceTree = "<group>"; };
		2ED1251A287F6CCA00DD5CBF /* CGImage+Extension.swift */ = {isa = PBXFileReference; fileEncoding = 4; lastKnownFileType = sourcecode.swift; path = "CGImage+Extension.swift"; sourceTree = "<group>"; };
		2ED1251B287F6CCA00DD5CBF /* CGPoint+Extension.swift */ = {isa = PBXFileReference; fileEncoding = 4; lastKnownFileType = sourcecode.swift; path = "CGPoint+Extension.swift"; sourceTree = "<group>"; };
		2ED1251E287F6CE900DD5CBF /* PoseBuilderConfiguration.swift */ = {isa = PBXFileReference; fileEncoding = 4; lastKnownFileType = sourcecode.swift; path = PoseBuilderConfiguration.swift; sourceTree = "<group>"; };
		2ED1251F287F6CE900DD5CBF /* PoseBuilder.swift */ = {isa = PBXFileReference; fileEncoding = 4; lastKnownFileType = sourcecode.swift; path = PoseBuilder.swift; sourceTree = "<group>"; };
		2ED12520287F6CE900DD5CBF /* Pose.swift */ = {isa = PBXFileReference; fileEncoding = 4; lastKnownFileType = sourcecode.swift; path = Pose.swift; sourceTree = "<group>"; };
		2ED12521287F6CE900DD5CBF /* PoseBuilder+Multiple.swift */ = {isa = PBXFileReference; fileEncoding = 4; lastKnownFileType = sourcecode.swift; path = "PoseBuilder+Multiple.swift"; sourceTree = "<group>"; };
		2ED12522287F6CE900DD5CBF /* PoseBuilder+Single.swift */ = {isa = PBXFileReference; fileEncoding = 4; lastKnownFileType = sourcecode.swift; path = "PoseBuilder+Single.swift"; sourceTree = "<group>"; };
		2ED125282880965A00DD5CBF /* GalleryViewHeader.h */ = {isa = PBXFileReference; lastKnownFileType = sourcecode.c.h; path = GalleryViewHeader.h; sourceTree = "<group>"; };
		2ED125292880965A00DD5CBF /* GalleryViewHeader.m */ = {isa = PBXFileReference; lastKnownFileType = sourcecode.c.objc; path = GalleryViewHeader.m; sourceTree = "<group>"; };
		2ED1252B2880CC9000DD5CBF /* JointSegment.h */ = {isa = PBXFileReference; lastKnownFileType = sourcecode.c.h; path = JointSegment.h; sourceTree = "<group>"; };
		2ED1252C2880CC9000DD5CBF /* JointSegment.m */ = {isa = PBXFileReference; lastKnownFileType = sourcecode.c.objc; path = JointSegment.m; sourceTree = "<group>"; };
		2ED6585E28760D5100B66436 /* rise.app */ = {isa = PBXFileReference; explicitFileType = wrapper.application; includeInIndex = 0; path = rise.app; sourceTree = BUILT_PRODUCTS_DIR; };
		2ED6586128760D5100B66436 /* AppDelegate.h */ = {isa = PBXFileReference; lastKnownFileType = sourcecode.c.h; path = AppDelegate.h; sourceTree = "<group>"; };
		2ED6586228760D5100B66436 /* AppDelegate.m */ = {isa = PBXFileReference; lastKnownFileType = sourcecode.c.objc; path = AppDelegate.m; sourceTree = "<group>"; };
		2ED6586428760D5100B66436 /* SceneDelegate.h */ = {isa = PBXFileReference; lastKnownFileType = sourcecode.c.h; path = SceneDelegate.h; sourceTree = "<group>"; };
		2ED6586528760D5100B66436 /* SceneDelegate.m */ = {isa = PBXFileReference; lastKnownFileType = sourcecode.c.objc; path = SceneDelegate.m; sourceTree = "<group>"; };
		2ED6586B28760D5100B66436 /* Base */ = {isa = PBXFileReference; lastKnownFileType = file.storyboard; name = Base; path = Base.lproj/Main.storyboard; sourceTree = "<group>"; };
		2ED6586D28760D5200B66436 /* Assets.xcassets */ = {isa = PBXFileReference; lastKnownFileType = folder.assetcatalog; path = Assets.xcassets; sourceTree = "<group>"; };
		2ED6587028760D5200B66436 /* Base */ = {isa = PBXFileReference; lastKnownFileType = file.storyboard; name = Base; path = Base.lproj/LaunchScreen.storyboard; sourceTree = "<group>"; };
		2ED6587228760D5200B66436 /* Info.plist */ = {isa = PBXFileReference; lastKnownFileType = text.plist.xml; path = Info.plist; sourceTree = "<group>"; };
		2ED6587328760D5200B66436 /* main.m */ = {isa = PBXFileReference; lastKnownFileType = sourcecode.c.objc; path = main.m; sourceTree = "<group>"; };
		2ED6587928760D5200B66436 /* riseTests.xctest */ = {isa = PBXFileReference; explicitFileType = wrapper.cfbundle; includeInIndex = 0; path = riseTests.xctest; sourceTree = BUILT_PRODUCTS_DIR; };
		2ED6587D28760D5200B66436 /* riseTests.m */ = {isa = PBXFileReference; lastKnownFileType = sourcecode.c.objc; path = riseTests.m; sourceTree = "<group>"; };
		2ED6588328760D5200B66436 /* riseUITests.xctest */ = {isa = PBXFileReference; explicitFileType = wrapper.cfbundle; includeInIndex = 0; path = riseUITests.xctest; sourceTree = BUILT_PRODUCTS_DIR; };
		2ED6588728760D5200B66436 /* riseUITests.m */ = {isa = PBXFileReference; lastKnownFileType = sourcecode.c.objc; path = riseUITests.m; sourceTree = "<group>"; };
		2ED6588928760D5200B66436 /* riseUITestsLaunchTests.m */ = {isa = PBXFileReference; lastKnownFileType = sourcecode.c.objc; path = riseUITestsLaunchTests.m; sourceTree = "<group>"; };
		30E3CD26461577DE0746FC2B /* Pods-rise-riseUITests.release.xcconfig */ = {isa = PBXFileReference; includeInIndex = 1; lastKnownFileType = text.xcconfig; name = "Pods-rise-riseUITests.release.xcconfig"; path = "Target Support Files/Pods-rise-riseUITests/Pods-rise-riseUITests.release.xcconfig"; sourceTree = "<group>"; };
		642AF3CB8B28883CD23F5A0F /* Pods-riseTests.release.xcconfig */ = {isa = PBXFileReference; includeInIndex = 1; lastKnownFileType = text.xcconfig; name = "Pods-riseTests.release.xcconfig"; path = "Target Support Files/Pods-riseTests/Pods-riseTests.release.xcconfig"; sourceTree = "<group>"; };
		8DA873CE591308AB62E8B7BB /* Pods-rise.debug.xcconfig */ = {isa = PBXFileReference; includeInIndex = 1; lastKnownFileType = text.xcconfig; name = "Pods-rise.debug.xcconfig"; path = "Target Support Files/Pods-rise/Pods-rise.debug.xcconfig"; sourceTree = "<group>"; };
		B6FC0BEFDE587E89DCB07D1C /* Pods-rise.release.xcconfig */ = {isa = PBXFileReference; includeInIndex = 1; lastKnownFileType = text.xcconfig; name = "Pods-rise.release.xcconfig"; path = "Target Support Files/Pods-rise/Pods-rise.release.xcconfig"; sourceTree = "<group>"; };
		CE7188923E3A8320555BE7C9 /* Pods_rise.framework */ = {isa = PBXFileReference; explicitFileType = wrapper.framework; includeInIndex = 0; path = Pods_rise.framework; sourceTree = BUILT_PRODUCTS_DIR; };
		E79B870DD6FA8DA8E0BCB6D4 /* Pods-riseTests.debug.xcconfig */ = {isa = PBXFileReference; includeInIndex = 1; lastKnownFileType = text.xcconfig; name = "Pods-riseTests.debug.xcconfig"; path = "Target Support Files/Pods-riseTests/Pods-riseTests.debug.xcconfig"; sourceTree = "<group>"; };
/* End PBXFileReference section */

/* Begin PBXFrameworksBuildPhase section */
		2ED6585B28760D5100B66436 /* Frameworks */ = {
			isa = PBXFrameworksBuildPhase;
			buildActionMask = 2147483647;
			files = (
				5D8267FC61DD3B20317CED35 /* Pods_rise.framework in Frameworks */,
			);
			runOnlyForDeploymentPostprocessing = 0;
		};
		2ED6587628760D5200B66436 /* Frameworks */ = {
			isa = PBXFrameworksBuildPhase;
			buildActionMask = 2147483647;
			files = (
				3736CADEB2AA3803C40A16E9 /* Pods_riseTests.framework in Frameworks */,
			);
			runOnlyForDeploymentPostprocessing = 0;
		};
		2ED6588028760D5200B66436 /* Frameworks */ = {
			isa = PBXFrameworksBuildPhase;
			buildActionMask = 2147483647;
			files = (
				FF1074AD65948910A6CA2107 /* Pods_rise_riseUITests.framework in Frameworks */,
			);
			runOnlyForDeploymentPostprocessing = 0;
		};
/* End PBXFrameworksBuildPhase section */

/* Begin PBXGroup section */
		2E53A12F288F1F6C006C71D2 /* Managers */ = {
			isa = PBXGroup;
			children = (
				2EA0798F28765ACD00931A86 /* YogaPoseAPIManager.h */,
				2EA0799028765ACD00931A86 /* YogaPoseAPIManager.m */,
				2E53A130288F1F91006C71D2 /* NotificationManager.h */,
				2E53A131288F1F92006C71D2 /* NotificationManager.m */,
			);
			path = Managers;
			sourceTree = "<group>";
		};
		2E7DAEB12882801C00097E33 /* Poppins */ = {
			isa = PBXGroup;
			children = (
				2E7DAEB22882801C00097E33 /* Poppins-ExtraLight.ttf */,
				2E7DAEB32882801C00097E33 /* Poppins-ThinItalic.ttf */,
				2E7DAEB42882801C00097E33 /* Poppins-ExtraLightItalic.ttf */,
				2E7DAEB52882801C00097E33 /* Poppins-BoldItalic.ttf */,
				2E7DAEB62882801C00097E33 /* Poppins-Light.ttf */,
				2E7DAEB72882801C00097E33 /* Poppins-Medium.ttf */,
				2E7DAEB82882801C00097E33 /* Poppins-SemiBoldItalic.ttf */,
				2E7DAEB92882801C00097E33 /* Poppins-ExtraBoldItalic.ttf */,
				2E7DAEBA2882801C00097E33 /* Poppins-ExtraBold.ttf */,
				2E7DAEBB2882801C00097E33 /* Poppins-BlackItalic.ttf */,
				2E7DAEBC2882801C00097E33 /* OFL.txt */,
				2E7DAEBD2882801C00097E33 /* Poppins-Regular.ttf */,
				2E7DAEBE2882801C00097E33 /* Poppins-LightItalic.ttf */,
				2E7DAEBF2882801C00097E33 /* Poppins-Bold.ttf */,
				2E7DAEC02882801C00097E33 /* Poppins-Black.ttf */,
				2E7DAEC12882801C00097E33 /* Poppins-Thin.ttf */,
				2E7DAEC22882801C00097E33 /* Poppins-SemiBold.ttf */,
				2E7DAEC32882801C00097E33 /* Poppins-Italic.ttf */,
				2E7DAEC42882801C00097E33 /* Poppins-MediumItalic.ttf */,
			);
			path = Poppins;
			sourceTree = "<group>";
		};
		2EA079792876119500931A86 /* ViewControllers */ = {
			isa = PBXGroup;
			children = (
				2EA0797C287611C000931A86 /* LoginViewController.h */,
				2EA0797D287611C000931A86 /* LoginViewController.m */,
				2EA0797F2876144D00931A86 /* RegisterViewController.h */,
				2EA079802876144D00931A86 /* RegisterViewController.m */,
				2EA079822876146400931A86 /* GalleryViewController.h */,
				2EA079832876146400931A86 /* GalleryViewController.m */,
				2EA079852876148300931A86 /* GuideViewController.h */,
				2EA079862876148300931A86 /* GuideViewController.m */,
				2E53A124288B6743006C71D2 /* CompletionViewController.h */,
				2E53A125288B6743006C71D2 /* CompletionViewController.m */,
				2E53A133288F6F75006C71D2 /* ProfileViewController.h */,
				2E53A134288F6F75006C71D2 /* ProfileViewController.m */,
			);
			path = ViewControllers;
			sourceTree = "<group>";
		};
		2EA0797A287611A100931A86 /* Models */ = {
			isa = PBXGroup;
			children = (
				2ED124AC287E796200DD5CBF /* YogaPose.h */,
				2ED124AD287E796200DD5CBF /* YogaPose.m */,
				2EA0798C287655E700931A86 /* User.h */,
				2EA0798D287655E700931A86 /* User.m */,
				2ED124A9287DE8F000DD5CBF /* Workout.h */,
				2ED124AA287DE8F000DD5CBF /* Workout.m */,
			);
			path = Models;
			sourceTree = "<group>";
		};
		2EA0797B287611A800931A86 /* Views */ = {
			isa = PBXGroup;
			children = (
				2ED125282880965A00DD5CBF /* GalleryViewHeader.h */,
				2E53A129288B6E30006C71D2 /* AnimationView.swift */,
				2ED125292880965A00DD5CBF /* GalleryViewHeader.m */,
				2EA0799828774B9500931A86 /* PoseImageView.h */,
				2EA0799928774B9500931A86 /* PoseImageView.m */,
				2ED124A2287C93A800DD5CBF /* WorkoutCell.h */,
				2ED124A3287C93A800DD5CBF /* WorkoutCell.m */,
			);
			path = Views;
			sourceTree = "<group>";
		};
		2EA0799E287754A400931A86 /* PoseNet */ = {
			isa = PBXGroup;
			children = (
				2ED1251A287F6CCA00DD5CBF /* CGImage+Extension.swift */,
				2ED1251B287F6CCA00DD5CBF /* CGPoint+Extension.swift */,
				2ED12510287F6B9000DD5CBF /* Joint.swift */,
				2ED12520287F6CE900DD5CBF /* Pose.swift */,
				2ED1251F287F6CE900DD5CBF /* PoseBuilder.swift */,
				2ED12521287F6CE900DD5CBF /* PoseBuilder+Multiple.swift */,
				2ED12522287F6CE900DD5CBF /* PoseBuilder+Single.swift */,
				2ED1251E287F6CE900DD5CBF /* PoseBuilderConfiguration.swift */,
				2ED12512287F6C2F00DD5CBF /* PoseNetOutput.swift */,
				2E7DAEDA2885DB2900097E33 /* AVCaptureVideoOrientation+Extension.swift */,
				2E7DAED82885DAF500097E33 /* VideoCapture.swift */,
				2ED1250F287F6B8F00DD5CBF /* rise-Bridging-Header.h */,
				2ED12516287F6C4A00DD5CBF /* PoseNet.swift */,
				2ED12515287F6C4A00DD5CBF /* PoseNetInput.swift */,
				2ED12514287F6C4A00DD5CBF /* PoseNetMobileNet075S16FP16.mlmodel */,
				2ED1252B2880CC9000DD5CBF /* JointSegment.h */,
				2ED1252C2880CC9000DD5CBF /* JointSegment.m */,
			);
			path = PoseNet;
			sourceTree = "<group>";
		};
		2ED6585528760D5100B66436 = {
			isa = PBXGroup;
			children = (
				2EA0798A287615B100931A86 /* Keys.plist */,
				2ED6586028760D5100B66436 /* rise */,
				2ED6587C28760D5200B66436 /* riseTests */,
				2ED6588628760D5200B66436 /* riseUITests */,
				2ED6585F28760D5100B66436 /* Products */,
				B6DAFC7FB415B0CEB7010572 /* Pods */,
				9E69AFC41A98437CB153268D /* Frameworks */,
			);
			sourceTree = "<group>";
		};
		2ED6585F28760D5100B66436 /* Products */ = {
			isa = PBXGroup;
			children = (
				2ED6585E28760D5100B66436 /* rise.app */,
				2ED6587928760D5200B66436 /* riseTests.xctest */,
				2ED6588328760D5200B66436 /* riseUITests.xctest */,
			);
			name = Products;
			sourceTree = "<group>";
		};
		2ED6586028760D5100B66436 /* rise */ = {
			isa = PBXGroup;
			children = (
				2EA0799E287754A400931A86 /* PoseNet */,
				2EA0797B287611A800931A86 /* Views */,
				2EA0797A287611A100931A86 /* Models */,
				2EA079792876119500931A86 /* ViewControllers */,
				2E53A12F288F1F6C006C71D2 /* Managers */,
				2ED6586128760D5100B66436 /* AppDelegate.h */,
				2ED6586228760D5100B66436 /* AppDelegate.m */,
				2ED6586428760D5100B66436 /* SceneDelegate.h */,
				2ED6586528760D5100B66436 /* SceneDelegate.m */,
				2E53A13B2891E11A006C71D2 /* Styles.h */,
				2E53A13C2891E11A006C71D2 /* Styles.m */,
				2ED6586A28760D5100B66436 /* Main.storyboard */,
				2ED6586D28760D5200B66436 /* Assets.xcassets */,
				2E53A12D288B7336006C71D2 /* success-check.json */,
				2E7DAEB12882801C00097E33 /* Poppins */,
				2ED6586F28760D5200B66436 /* LaunchScreen.storyboard */,
				2ED6587228760D5200B66436 /* Info.plist */,
				2ED6587328760D5200B66436 /* main.m */,
			);
			path = rise;
			sourceTree = "<group>";
		};
		2ED6587C28760D5200B66436 /* riseTests */ = {
			isa = PBXGroup;
			children = (
				2ED6587D28760D5200B66436 /* riseTests.m */,
			);
			path = riseTests;
			sourceTree = "<group>";
		};
		2ED6588628760D5200B66436 /* riseUITests */ = {
			isa = PBXGroup;
			children = (
				2ED6588728760D5200B66436 /* riseUITests.m */,
				2ED6588928760D5200B66436 /* riseUITestsLaunchTests.m */,
			);
			path = riseUITests;
			sourceTree = "<group>";
		};
		9E69AFC41A98437CB153268D /* Frameworks */ = {
			isa = PBXGroup;
			children = (
				2ED124A5287CF74000DD5CBF /* SVGKit.framework */,
				CE7188923E3A8320555BE7C9 /* Pods_rise.framework */,
				19A880A6BE4B8115ADCBECCB /* Pods_rise_riseUITests.framework */,
				19087805CD20347335A84649 /* Pods_riseTests.framework */,
			);
			name = Frameworks;
			sourceTree = "<group>";
		};
		B6DAFC7FB415B0CEB7010572 /* Pods */ = {
			isa = PBXGroup;
			children = (
				8DA873CE591308AB62E8B7BB /* Pods-rise.debug.xcconfig */,
				B6FC0BEFDE587E89DCB07D1C /* Pods-rise.release.xcconfig */,
				2CD7FD21D01B8C6A73C2CA80 /* Pods-rise-riseUITests.debug.xcconfig */,
				30E3CD26461577DE0746FC2B /* Pods-rise-riseUITests.release.xcconfig */,
				E79B870DD6FA8DA8E0BCB6D4 /* Pods-riseTests.debug.xcconfig */,
				642AF3CB8B28883CD23F5A0F /* Pods-riseTests.release.xcconfig */,
			);
			path = Pods;
			sourceTree = "<group>";
		};
/* End PBXGroup section */

/* Begin PBXNativeTarget section */
		2ED6585D28760D5100B66436 /* rise */ = {
			isa = PBXNativeTarget;
			buildConfigurationList = 2ED6588D28760D5200B66436 /* Build configuration list for PBXNativeTarget "rise" */;
			buildPhases = (
				E642417684F8040078CAEBAF /* [CP] Check Pods Manifest.lock */,
				2ED6585A28760D5100B66436 /* Sources */,
				2ED6585B28760D5100B66436 /* Frameworks */,
				2ED6585C28760D5100B66436 /* Resources */,
				19E1608CE428C43150FCDE7C /* [CP] Embed Pods Frameworks */,
			);
			buildRules = (
			);
			dependencies = (
			);
			name = rise;
			productName = rise;
			productReference = 2ED6585E28760D5100B66436 /* rise.app */;
			productType = "com.apple.product-type.application";
		};
		2ED6587828760D5200B66436 /* riseTests */ = {
			isa = PBXNativeTarget;
			buildConfigurationList = 2ED6589028760D5200B66436 /* Build configuration list for PBXNativeTarget "riseTests" */;
			buildPhases = (
				2029A8EACDBCE25A2D27B0BB /* [CP] Check Pods Manifest.lock */,
				2ED6587528760D5200B66436 /* Sources */,
				2ED6587628760D5200B66436 /* Frameworks */,
				2ED6587728760D5200B66436 /* Resources */,
			);
			buildRules = (
			);
			dependencies = (
				2ED6587B28760D5200B66436 /* PBXTargetDependency */,
			);
			name = riseTests;
			productName = riseTests;
			productReference = 2ED6587928760D5200B66436 /* riseTests.xctest */;
			productType = "com.apple.product-type.bundle.unit-test";
		};
		2ED6588228760D5200B66436 /* riseUITests */ = {
			isa = PBXNativeTarget;
			buildConfigurationList = 2ED6589328760D5200B66436 /* Build configuration list for PBXNativeTarget "riseUITests" */;
			buildPhases = (
				7049F5C2B04903C59409C483 /* [CP] Check Pods Manifest.lock */,
				2ED6587F28760D5200B66436 /* Sources */,
				2ED6588028760D5200B66436 /* Frameworks */,
				2ED6588128760D5200B66436 /* Resources */,
				A63CAC48736A41EAEFBA05F6 /* [CP] Embed Pods Frameworks */,
			);
			buildRules = (
			);
			dependencies = (
				2ED6588528760D5200B66436 /* PBXTargetDependency */,
			);
			name = riseUITests;
			productName = riseUITests;
			productReference = 2ED6588328760D5200B66436 /* riseUITests.xctest */;
			productType = "com.apple.product-type.bundle.ui-testing";
		};
/* End PBXNativeTarget section */

/* Begin PBXProject section */
		2ED6585628760D5100B66436 /* Project object */ = {
			isa = PBXProject;
			attributes = {
				BuildIndependentTargetsInParallel = 1;
				LastUpgradeCheck = 1340;
				TargetAttributes = {
					2ED6585D28760D5100B66436 = {
						CreatedOnToolsVersion = 13.4;
						LastSwiftMigration = 1340;
					};
					2ED6587828760D5200B66436 = {
						CreatedOnToolsVersion = 13.4;
						TestTargetID = 2ED6585D28760D5100B66436;
					};
					2ED6588228760D5200B66436 = {
						CreatedOnToolsVersion = 13.4;
						TestTargetID = 2ED6585D28760D5100B66436;
					};
				};
			};
			buildConfigurationList = 2ED6585928760D5100B66436 /* Build configuration list for PBXProject "rise" */;
			compatibilityVersion = "Xcode 13.0";
			developmentRegion = en;
			hasScannedForEncodings = 0;
			knownRegions = (
				en,
				Base,
			);
			mainGroup = 2ED6585528760D5100B66436;
			productRefGroup = 2ED6585F28760D5100B66436 /* Products */;
			projectDirPath = "";
			projectRoot = "";
			targets = (
				2ED6585D28760D5100B66436 /* rise */,
				2ED6587828760D5200B66436 /* riseTests */,
				2ED6588228760D5200B66436 /* riseUITests */,
			);
		};
/* End PBXProject section */

/* Begin PBXResourcesBuildPhase section */
		2ED6585C28760D5100B66436 /* Resources */ = {
			isa = PBXResourcesBuildPhase;
			buildActionMask = 2147483647;
			files = (
				2E7DAED12882801C00097E33 /* Poppins-LightItalic.ttf in Resources */,
				2E7DAED22882801C00097E33 /* Poppins-Bold.ttf in Resources */,
				2E7DAECF2882801C00097E33 /* OFL.txt in Resources */,
				2E7DAECC2882801C00097E33 /* Poppins-ExtraBoldItalic.ttf in Resources */,
				2E7DAECB2882801C00097E33 /* Poppins-SemiBoldItalic.ttf in Resources */,
				2E7DAED32882801C00097E33 /* Poppins-Black.ttf in Resources */,
				2E7DAEC52882801C00097E33 /* Poppins-ExtraLight.ttf in Resources */,
				2E7DAEC92882801C00097E33 /* Poppins-Light.ttf in Resources */,
				2E7DAEC72882801C00097E33 /* Poppins-ExtraLightItalic.ttf in Resources */,
				2E7DAED42882801C00097E33 /* Poppins-Thin.ttf in Resources */,
				2EA0798B287615B100931A86 /* Keys.plist in Resources */,
				2E7DAED02882801C00097E33 /* Poppins-Regular.ttf in Resources */,
				2ED6587128760D5200B66436 /* LaunchScreen.storyboard in Resources */,
				2E7DAEC62882801C00097E33 /* Poppins-ThinItalic.ttf in Resources */,
				2E53A12E288B7336006C71D2 /* success-check.json in Resources */,
				2E7DAECE2882801C00097E33 /* Poppins-BlackItalic.ttf in Resources */,
				2E7DAED52882801C00097E33 /* Poppins-SemiBold.ttf in Resources */,
				2ED6586E28760D5200B66436 /* Assets.xcassets in Resources */,
				2ED6586C28760D5100B66436 /* Main.storyboard in Resources */,
				2E7DAED62882801C00097E33 /* Poppins-Italic.ttf in Resources */,
				2E7DAEC82882801C00097E33 /* Poppins-BoldItalic.ttf in Resources */,
				2E7DAECA2882801C00097E33 /* Poppins-Medium.ttf in Resources */,
				2E7DAED72882801C00097E33 /* Poppins-MediumItalic.ttf in Resources */,
				2E7DAECD2882801C00097E33 /* Poppins-ExtraBold.ttf in Resources */,
			);
			runOnlyForDeploymentPostprocessing = 0;
		};
		2ED6587728760D5200B66436 /* Resources */ = {
			isa = PBXResourcesBuildPhase;
			buildActionMask = 2147483647;
			files = (
			);
			runOnlyForDeploymentPostprocessing = 0;
		};
		2ED6588128760D5200B66436 /* Resources */ = {
			isa = PBXResourcesBuildPhase;
			buildActionMask = 2147483647;
			files = (
			);
			runOnlyForDeploymentPostprocessing = 0;
		};
/* End PBXResourcesBuildPhase section */

/* Begin PBXShellScriptBuildPhase section */
		19E1608CE428C43150FCDE7C /* [CP] Embed Pods Frameworks */ = {
			isa = PBXShellScriptBuildPhase;
			buildActionMask = 2147483647;
			files = (
			);
			inputFileListPaths = (
				"${PODS_ROOT}/Target Support Files/Pods-rise/Pods-rise-frameworks-${CONFIGURATION}-input-files.xcfilelist",
			);
			name = "[CP] Embed Pods Frameworks";
			outputFileListPaths = (
				"${PODS_ROOT}/Target Support Files/Pods-rise/Pods-rise-frameworks-${CONFIGURATION}-output-files.xcfilelist",
			);
			runOnlyForDeploymentPostprocessing = 0;
			shellPath = /bin/sh;
			shellScript = "\"${PODS_ROOT}/Target Support Files/Pods-rise/Pods-rise-frameworks.sh\"\n";
			showEnvVarsInLog = 0;
		};
		2029A8EACDBCE25A2D27B0BB /* [CP] Check Pods Manifest.lock */ = {
			isa = PBXShellScriptBuildPhase;
			buildActionMask = 2147483647;
			files = (
			);
			inputFileListPaths = (
			);
			inputPaths = (
				"${PODS_PODFILE_DIR_PATH}/Podfile.lock",
				"${PODS_ROOT}/Manifest.lock",
			);
			name = "[CP] Check Pods Manifest.lock";
			outputFileListPaths = (
			);
			outputPaths = (
				"$(DERIVED_FILE_DIR)/Pods-riseTests-checkManifestLockResult.txt",
			);
			runOnlyForDeploymentPostprocessing = 0;
			shellPath = /bin/sh;
			shellScript = "diff \"${PODS_PODFILE_DIR_PATH}/Podfile.lock\" \"${PODS_ROOT}/Manifest.lock\" > /dev/null\nif [ $? != 0 ] ; then\n    # print error to STDERR\n    echo \"error: The sandbox is not in sync with the Podfile.lock. Run 'pod install' or update your CocoaPods installation.\" >&2\n    exit 1\nfi\n# This output is used by Xcode 'outputs' to avoid re-running this script phase.\necho \"SUCCESS\" > \"${SCRIPT_OUTPUT_FILE_0}\"\n";
			showEnvVarsInLog = 0;
		};
		7049F5C2B04903C59409C483 /* [CP] Check Pods Manifest.lock */ = {
			isa = PBXShellScriptBuildPhase;
			buildActionMask = 2147483647;
			files = (
			);
			inputFileListPaths = (
			);
			inputPaths = (
				"${PODS_PODFILE_DIR_PATH}/Podfile.lock",
				"${PODS_ROOT}/Manifest.lock",
			);
			name = "[CP] Check Pods Manifest.lock";
			outputFileListPaths = (
			);
			outputPaths = (
				"$(DERIVED_FILE_DIR)/Pods-rise-riseUITests-checkManifestLockResult.txt",
			);
			runOnlyForDeploymentPostprocessing = 0;
			shellPath = /bin/sh;
			shellScript = "diff \"${PODS_PODFILE_DIR_PATH}/Podfile.lock\" \"${PODS_ROOT}/Manifest.lock\" > /dev/null\nif [ $? != 0 ] ; then\n    # print error to STDERR\n    echo \"error: The sandbox is not in sync with the Podfile.lock. Run 'pod install' or update your CocoaPods installation.\" >&2\n    exit 1\nfi\n# This output is used by Xcode 'outputs' to avoid re-running this script phase.\necho \"SUCCESS\" > \"${SCRIPT_OUTPUT_FILE_0}\"\n";
			showEnvVarsInLog = 0;
		};
		A63CAC48736A41EAEFBA05F6 /* [CP] Embed Pods Frameworks */ = {
			isa = PBXShellScriptBuildPhase;
			buildActionMask = 2147483647;
			files = (
			);
			inputFileListPaths = (
				"${PODS_ROOT}/Target Support Files/Pods-rise-riseUITests/Pods-rise-riseUITests-frameworks-${CONFIGURATION}-input-files.xcfilelist",
			);
			name = "[CP] Embed Pods Frameworks";
			outputFileListPaths = (
				"${PODS_ROOT}/Target Support Files/Pods-rise-riseUITests/Pods-rise-riseUITests-frameworks-${CONFIGURATION}-output-files.xcfilelist",
			);
			runOnlyForDeploymentPostprocessing = 0;
			shellPath = /bin/sh;
			shellScript = "\"${PODS_ROOT}/Target Support Files/Pods-rise-riseUITests/Pods-rise-riseUITests-frameworks.sh\"\n";
			showEnvVarsInLog = 0;
		};
		E642417684F8040078CAEBAF /* [CP] Check Pods Manifest.lock */ = {
			isa = PBXShellScriptBuildPhase;
			buildActionMask = 2147483647;
			files = (
			);
			inputFileListPaths = (
			);
			inputPaths = (
				"${PODS_PODFILE_DIR_PATH}/Podfile.lock",
				"${PODS_ROOT}/Manifest.lock",
			);
			name = "[CP] Check Pods Manifest.lock";
			outputFileListPaths = (
			);
			outputPaths = (
				"$(DERIVED_FILE_DIR)/Pods-rise-checkManifestLockResult.txt",
			);
			runOnlyForDeploymentPostprocessing = 0;
			shellPath = /bin/sh;
			shellScript = "diff \"${PODS_PODFILE_DIR_PATH}/Podfile.lock\" \"${PODS_ROOT}/Manifest.lock\" > /dev/null\nif [ $? != 0 ] ; then\n    # print error to STDERR\n    echo \"error: The sandbox is not in sync with the Podfile.lock. Run 'pod install' or update your CocoaPods installation.\" >&2\n    exit 1\nfi\n# This output is used by Xcode 'outputs' to avoid re-running this script phase.\necho \"SUCCESS\" > \"${SCRIPT_OUTPUT_FILE_0}\"\n";
			showEnvVarsInLog = 0;
		};
/* End PBXShellScriptBuildPhase section */

/* Begin PBXSourcesBuildPhase section */
		2ED6585A28760D5100B66436 /* Sources */ = {
			isa = PBXSourcesBuildPhase;
			buildActionMask = 2147483647;
			files = (
				2ED124AE287E796200DD5CBF /* YogaPose.m in Sources */,
				2ED1252A2880965A00DD5CBF /* GalleryViewHeader.m in Sources */,
				2EA0798E287655E700931A86 /* User.m in Sources */,
				2EA0799128765ACD00931A86 /* YogaPoseAPIManager.m in Sources */,
				2E53A126288B6743006C71D2 /* CompletionViewController.m in Sources */,
				2EA0799A28774B9500931A86 /* PoseImageView.m in Sources */,
				2EA079812876144D00931A86 /* RegisterViewController.m in Sources */,
				2ED124A4287C93A800DD5CBF /* WorkoutCell.m in Sources */,
				2EA079872876148300931A86 /* GuideViewController.m in Sources */,
				2ED124AB287DE8F000DD5CBF /* Workout.m in Sources */,
				2E7DAED92885DAF500097E33 /* VideoCapture.swift in Sources */,
				2ED12527287F6CE900DD5CBF /* PoseBuilder+Single.swift in Sources */,
				2EA0797E287611C000931A86 /* LoginViewController.m in Sources */,
				2E53A13D2891E11A006C71D2 /* Styles.m in Sources */,
				2ED12518287F6C4A00DD5CBF /* PoseNetInput.swift in Sources */,
				2E7DAEDB2885DB2900097E33 /* AVCaptureVideoOrientation+Extension.swift in Sources */,
				2ED1251D287F6CCA00DD5CBF /* CGPoint+Extension.swift in Sources */,
				2ED12526287F6CE900DD5CBF /* PoseBuilder+Multiple.swift in Sources */,
				2ED12525287F6CE900DD5CBF /* Pose.swift in Sources */,
				2E53A132288F1F92006C71D2 /* NotificationManager.m in Sources */,
				2E53A135288F6F75006C71D2 /* ProfileViewController.m in Sources */,
				2ED12517287F6C4A00DD5CBF /* PoseNetMobileNet075S16FP16.mlmodel in Sources */,
				2ED6586328760D5100B66436 /* AppDelegate.m in Sources */,
				2ED12511287F6B9000DD5CBF /* Joint.swift in Sources */,
				2ED1252D2880CC9000DD5CBF /* JointSegment.m in Sources */,
				2ED6587428760D5200B66436 /* main.m in Sources */,
				2ED12513287F6C2F00DD5CBF /* PoseNetOutput.swift in Sources */,
				2ED12523287F6CE900DD5CBF /* PoseBuilderConfiguration.swift in Sources */,
				2ED6586628760D5100B66436 /* SceneDelegate.m in Sources */,
				2E53A12A288B6E30006C71D2 /* AnimationView.swift in Sources */,
				2EA079842876146400931A86 /* GalleryViewController.m in Sources */,
				2ED12519287F6C4A00DD5CBF /* PoseNet.swift in Sources */,
				2ED12524287F6CE900DD5CBF /* PoseBuilder.swift in Sources */,
				2ED1251C287F6CCA00DD5CBF /* CGImage+Extension.swift in Sources */,
			);
			runOnlyForDeploymentPostprocessing = 0;
		};
		2ED6587528760D5200B66436 /* Sources */ = {
			isa = PBXSourcesBuildPhase;
			buildActionMask = 2147483647;
			files = (
				2ED6587E28760D5200B66436 /* riseTests.m in Sources */,
			);
			runOnlyForDeploymentPostprocessing = 0;
		};
		2ED6587F28760D5200B66436 /* Sources */ = {
			isa = PBXSourcesBuildPhase;
			buildActionMask = 2147483647;
			files = (
				2ED6588828760D5200B66436 /* riseUITests.m in Sources */,
				2ED6588A28760D5200B66436 /* riseUITestsLaunchTests.m in Sources */,
			);
			runOnlyForDeploymentPostprocessing = 0;
		};
/* End PBXSourcesBuildPhase section */

/* Begin PBXTargetDependency section */
		2ED6587B28760D5200B66436 /* PBXTargetDependency */ = {
			isa = PBXTargetDependency;
			target = 2ED6585D28760D5100B66436 /* rise */;
			targetProxy = 2ED6587A28760D5200B66436 /* PBXContainerItemProxy */;
		};
		2ED6588528760D5200B66436 /* PBXTargetDependency */ = {
			isa = PBXTargetDependency;
			target = 2ED6585D28760D5100B66436 /* rise */;
			targetProxy = 2ED6588428760D5200B66436 /* PBXContainerItemProxy */;
		};
/* End PBXTargetDependency section */

/* Begin PBXVariantGroup section */
		2ED6586A28760D5100B66436 /* Main.storyboard */ = {
			isa = PBXVariantGroup;
			children = (
				2ED6586B28760D5100B66436 /* Base */,
			);
			name = Main.storyboard;
			sourceTree = "<group>";
		};
		2ED6586F28760D5200B66436 /* LaunchScreen.storyboard */ = {
			isa = PBXVariantGroup;
			children = (
				2ED6587028760D5200B66436 /* Base */,
			);
			name = LaunchScreen.storyboard;
			sourceTree = "<group>";
		};
/* End PBXVariantGroup section */

/* Begin XCBuildConfiguration section */
		2ED6588B28760D5200B66436 /* Debug */ = {
			isa = XCBuildConfiguration;
			buildSettings = {
				ALWAYS_SEARCH_USER_PATHS = NO;
				CLANG_ANALYZER_NONNULL = YES;
				CLANG_ANALYZER_NUMBER_OBJECT_CONVERSION = YES_AGGRESSIVE;
				CLANG_CXX_LANGUAGE_STANDARD = "gnu++17";
				CLANG_ENABLE_MODULES = YES;
				CLANG_ENABLE_OBJC_ARC = YES;
				CLANG_ENABLE_OBJC_WEAK = YES;
				CLANG_WARN_BLOCK_CAPTURE_AUTORELEASING = YES;
				CLANG_WARN_BOOL_CONVERSION = YES;
				CLANG_WARN_COMMA = YES;
				CLANG_WARN_CONSTANT_CONVERSION = YES;
				CLANG_WARN_DEPRECATED_OBJC_IMPLEMENTATIONS = YES;
				CLANG_WARN_DIRECT_OBJC_ISA_USAGE = YES_ERROR;
				CLANG_WARN_DOCUMENTATION_COMMENTS = YES;
				CLANG_WARN_EMPTY_BODY = YES;
				CLANG_WARN_ENUM_CONVERSION = YES;
				CLANG_WARN_INFINITE_RECURSION = YES;
				CLANG_WARN_INT_CONVERSION = YES;
				CLANG_WARN_NON_LITERAL_NULL_CONVERSION = YES;
				CLANG_WARN_OBJC_IMPLICIT_RETAIN_SELF = YES;
				CLANG_WARN_OBJC_LITERAL_CONVERSION = YES;
				CLANG_WARN_OBJC_ROOT_CLASS = YES_ERROR;
				CLANG_WARN_QUOTED_INCLUDE_IN_FRAMEWORK_HEADER = YES;
				CLANG_WARN_RANGE_LOOP_ANALYSIS = YES;
				CLANG_WARN_STRICT_PROTOTYPES = YES;
				CLANG_WARN_SUSPICIOUS_MOVE = YES;
				CLANG_WARN_UNGUARDED_AVAILABILITY = YES_AGGRESSIVE;
				CLANG_WARN_UNREACHABLE_CODE = YES;
				CLANG_WARN__DUPLICATE_METHOD_MATCH = YES;
				COPY_PHASE_STRIP = NO;
				COREML_CODEGEN_LANGUAGE = Swift;
				DEBUG_INFORMATION_FORMAT = dwarf;
				DEFINES_MODULE = YES;
				ENABLE_STRICT_OBJC_MSGSEND = YES;
				ENABLE_TESTABILITY = YES;
				GCC_C_LANGUAGE_STANDARD = gnu11;
				GCC_DYNAMIC_NO_PIC = NO;
				GCC_NO_COMMON_BLOCKS = YES;
				GCC_OPTIMIZATION_LEVEL = 0;
				GCC_PREPROCESSOR_DEFINITIONS = (
					"DEBUG=1",
					"$(inherited)",
				);
				GCC_WARN_64_TO_32_BIT_CONVERSION = YES;
				GCC_WARN_ABOUT_RETURN_TYPE = YES_ERROR;
				GCC_WARN_UNDECLARED_SELECTOR = YES;
				GCC_WARN_UNINITIALIZED_AUTOS = YES_AGGRESSIVE;
				GCC_WARN_UNUSED_FUNCTION = YES;
				GCC_WARN_UNUSED_VARIABLE = YES;
				IPHONEOS_DEPLOYMENT_TARGET = 15.5;
				MTL_ENABLE_DEBUG_INFO = INCLUDE_SOURCE;
				MTL_FAST_MATH = YES;
				ONLY_ACTIVE_ARCH = YES;
				SDKROOT = iphoneos;
			};
			name = Debug;
		};
		2ED6588C28760D5200B66436 /* Release */ = {
			isa = XCBuildConfiguration;
			buildSettings = {
				ALWAYS_SEARCH_USER_PATHS = NO;
				CLANG_ANALYZER_NONNULL = YES;
				CLANG_ANALYZER_NUMBER_OBJECT_CONVERSION = YES_AGGRESSIVE;
				CLANG_CXX_LANGUAGE_STANDARD = "gnu++17";
				CLANG_ENABLE_MODULES = YES;
				CLANG_ENABLE_OBJC_ARC = YES;
				CLANG_ENABLE_OBJC_WEAK = YES;
				CLANG_WARN_BLOCK_CAPTURE_AUTORELEASING = YES;
				CLANG_WARN_BOOL_CONVERSION = YES;
				CLANG_WARN_COMMA = YES;
				CLANG_WARN_CONSTANT_CONVERSION = YES;
				CLANG_WARN_DEPRECATED_OBJC_IMPLEMENTATIONS = YES;
				CLANG_WARN_DIRECT_OBJC_ISA_USAGE = YES_ERROR;
				CLANG_WARN_DOCUMENTATION_COMMENTS = YES;
				CLANG_WARN_EMPTY_BODY = YES;
				CLANG_WARN_ENUM_CONVERSION = YES;
				CLANG_WARN_INFINITE_RECURSION = YES;
				CLANG_WARN_INT_CONVERSION = YES;
				CLANG_WARN_NON_LITERAL_NULL_CONVERSION = YES;
				CLANG_WARN_OBJC_IMPLICIT_RETAIN_SELF = YES;
				CLANG_WARN_OBJC_LITERAL_CONVERSION = YES;
				CLANG_WARN_OBJC_ROOT_CLASS = YES_ERROR;
				CLANG_WARN_QUOTED_INCLUDE_IN_FRAMEWORK_HEADER = YES;
				CLANG_WARN_RANGE_LOOP_ANALYSIS = YES;
				CLANG_WARN_STRICT_PROTOTYPES = YES;
				CLANG_WARN_SUSPICIOUS_MOVE = YES;
				CLANG_WARN_UNGUARDED_AVAILABILITY = YES_AGGRESSIVE;
				CLANG_WARN_UNREACHABLE_CODE = YES;
				CLANG_WARN__DUPLICATE_METHOD_MATCH = YES;
				COPY_PHASE_STRIP = NO;
				COREML_CODEGEN_LANGUAGE = Swift;
				DEBUG_INFORMATION_FORMAT = "dwarf-with-dsym";
				DEFINES_MODULE = YES;
				ENABLE_NS_ASSERTIONS = NO;
				ENABLE_STRICT_OBJC_MSGSEND = YES;
				GCC_C_LANGUAGE_STANDARD = gnu11;
				GCC_NO_COMMON_BLOCKS = YES;
				GCC_WARN_64_TO_32_BIT_CONVERSION = YES;
				GCC_WARN_ABOUT_RETURN_TYPE = YES_ERROR;
				GCC_WARN_UNDECLARED_SELECTOR = YES;
				GCC_WARN_UNINITIALIZED_AUTOS = YES_AGGRESSIVE;
				GCC_WARN_UNUSED_FUNCTION = YES;
				GCC_WARN_UNUSED_VARIABLE = YES;
				IPHONEOS_DEPLOYMENT_TARGET = 15.5;
				MTL_ENABLE_DEBUG_INFO = NO;
				MTL_FAST_MATH = YES;
				SDKROOT = iphoneos;
				VALIDATE_PRODUCT = YES;
			};
			name = Release;
		};
		2ED6588E28760D5200B66436 /* Debug */ = {
			isa = XCBuildConfiguration;
			baseConfigurationReference = 8DA873CE591308AB62E8B7BB /* Pods-rise.debug.xcconfig */;
			buildSettings = {
				ASSETCATALOG_COMPILER_APPICON_NAME = AppIcon;
				ASSETCATALOG_COMPILER_GLOBAL_ACCENT_COLOR_NAME = AccentColor;
				CLANG_ENABLE_MODULES = YES;
				CODE_SIGN_STYLE = Automatic;
				CURRENT_PROJECT_VERSION = 1;
				DEVELOPMENT_TEAM = GAD783T3VR;
				GENERATE_INFOPLIST_FILE = YES;
				INFOPLIST_FILE = rise/Info.plist;
				INFOPLIST_KEY_CFBundleDisplayName = Rise;
				INFOPLIST_KEY_NSCameraUsageDescription = "This app uses the camera to capture and evaluate your stretch pose.";
				INFOPLIST_KEY_UIApplicationSupportsIndirectInputEvents = YES;
				INFOPLIST_KEY_UILaunchStoryboardName = LaunchScreen;
				INFOPLIST_KEY_UIMainStoryboardFile = Main;
				INFOPLIST_KEY_UIRequiredDeviceCapabilities = armv7;
				INFOPLIST_KEY_UISupportedInterfaceOrientations = UIInterfaceOrientationPortrait;
				INFOPLIST_KEY_UISupportedInterfaceOrientations_iPad = "UIInterfaceOrientationPortrait UIInterfaceOrientationPortraitUpsideDown UIInterfaceOrientationLandscapeLeft UIInterfaceOrientationLandscapeRight";
				INFOPLIST_KEY_UISupportedInterfaceOrientations_iPhone = "UIInterfaceOrientationPortrait UIInterfaceOrientationLandscapeLeft UIInterfaceOrientationLandscapeRight";
				LD_RUNPATH_SEARCH_PATHS = (
					"$(inherited)",
					"@executable_path/Frameworks",
				);
				MARKETING_VERSION = 1.0;
				PRODUCT_BUNDLE_IDENTIFIER = com.codepath.rise;
				PRODUCT_NAME = "$(TARGET_NAME)";
				SWIFT_EMIT_LOC_STRINGS = YES;
				SWIFT_OBJC_BRIDGING_HEADER = "rise/PoseNet/rise-Bridging-Header.h";
				SWIFT_OPTIMIZATION_LEVEL = "-Onone";
				SWIFT_VERSION = 5.0;
				TARGETED_DEVICE_FAMILY = "1,2";
			};
			name = Debug;
		};
		2ED6588F28760D5200B66436 /* Release */ = {
			isa = XCBuildConfiguration;
			baseConfigurationReference = B6FC0BEFDE587E89DCB07D1C /* Pods-rise.release.xcconfig */;
			buildSettings = {
				ASSETCATALOG_COMPILER_APPICON_NAME = AppIcon;
				ASSETCATALOG_COMPILER_GLOBAL_ACCENT_COLOR_NAME = AccentColor;
				CLANG_ENABLE_MODULES = YES;
				CODE_SIGN_STYLE = Automatic;
				CURRENT_PROJECT_VERSION = 1;
				DEVELOPMENT_TEAM = GAD783T3VR;
				GENERATE_INFOPLIST_FILE = YES;
				INFOPLIST_FILE = rise/Info.plist;
				INFOPLIST_KEY_CFBundleDisplayName = Rise;
				INFOPLIST_KEY_NSCameraUsageDescription = "This app uses the camera to capture and evaluate your stretch pose.";
				INFOPLIST_KEY_UIApplicationSupportsIndirectInputEvents = YES;
				INFOPLIST_KEY_UILaunchStoryboardName = LaunchScreen;
				INFOPLIST_KEY_UIMainStoryboardFile = Main;
				INFOPLIST_KEY_UIRequiredDeviceCapabilities = armv7;
				INFOPLIST_KEY_UISupportedInterfaceOrientations = UIInterfaceOrientationPortrait;
				INFOPLIST_KEY_UISupportedInterfaceOrientations_iPad = "UIInterfaceOrientationPortrait UIInterfaceOrientationPortraitUpsideDown UIInterfaceOrientationLandscapeLeft UIInterfaceOrientationLandscapeRight";
				INFOPLIST_KEY_UISupportedInterfaceOrientations_iPhone = "UIInterfaceOrientationPortrait UIInterfaceOrientationLandscapeLeft UIInterfaceOrientationLandscapeRight";
				LD_RUNPATH_SEARCH_PATHS = (
					"$(inherited)",
					"@executable_path/Frameworks",
				);
				MARKETING_VERSION = 1.0;
				PRODUCT_BUNDLE_IDENTIFIER = com.codepath.rise;
				PRODUCT_NAME = "$(TARGET_NAME)";
				SWIFT_EMIT_LOC_STRINGS = YES;
				SWIFT_OBJC_BRIDGING_HEADER = "rise/PoseNet/rise-Bridging-Header.h";
				SWIFT_VERSION = 5.0;
				TARGETED_DEVICE_FAMILY = "1,2";
			};
			name = Release;
		};
		2ED6589128760D5200B66436 /* Debug */ = {
			isa = XCBuildConfiguration;
			baseConfigurationReference = E79B870DD6FA8DA8E0BCB6D4 /* Pods-riseTests.debug.xcconfig */;
			buildSettings = {
				ALWAYS_EMBED_SWIFT_STANDARD_LIBRARIES = YES;
				BUNDLE_LOADER = "$(TEST_HOST)";
				CODE_SIGN_STYLE = Automatic;
				CURRENT_PROJECT_VERSION = 1;
				DEVELOPMENT_TEAM = GAD783T3VR;
				GENERATE_INFOPLIST_FILE = YES;
				IPHONEOS_DEPLOYMENT_TARGET = 15.5;
				MARKETING_VERSION = 1.0;
				PRODUCT_BUNDLE_IDENTIFIER = com.codepath.riseTests;
				PRODUCT_NAME = "$(TARGET_NAME)";
				SWIFT_EMIT_LOC_STRINGS = NO;
				TARGETED_DEVICE_FAMILY = "1,2";
				TEST_HOST = "$(BUILT_PRODUCTS_DIR)/rise.app/rise";
			};
			name = Debug;
		};
		2ED6589228760D5200B66436 /* Release */ = {
			isa = XCBuildConfiguration;
			baseConfigurationReference = 642AF3CB8B28883CD23F5A0F /* Pods-riseTests.release.xcconfig */;
			buildSettings = {
				ALWAYS_EMBED_SWIFT_STANDARD_LIBRARIES = YES;
				BUNDLE_LOADER = "$(TEST_HOST)";
				CODE_SIGN_STYLE = Automatic;
				CURRENT_PROJECT_VERSION = 1;
				DEVELOPMENT_TEAM = GAD783T3VR;
				GENERATE_INFOPLIST_FILE = YES;
				IPHONEOS_DEPLOYMENT_TARGET = 15.5;
				MARKETING_VERSION = 1.0;
				PRODUCT_BUNDLE_IDENTIFIER = com.codepath.riseTests;
				PRODUCT_NAME = "$(TARGET_NAME)";
				SWIFT_EMIT_LOC_STRINGS = NO;
				TARGETED_DEVICE_FAMILY = "1,2";
				TEST_HOST = "$(BUILT_PRODUCTS_DIR)/rise.app/rise";
			};
			name = Release;
		};
		2ED6589428760D5200B66436 /* Debug */ = {
			isa = XCBuildConfiguration;
			baseConfigurationReference = 2CD7FD21D01B8C6A73C2CA80 /* Pods-rise-riseUITests.debug.xcconfig */;
			buildSettings = {
				ALWAYS_EMBED_SWIFT_STANDARD_LIBRARIES = YES;
				CODE_SIGN_STYLE = Automatic;
				CURRENT_PROJECT_VERSION = 1;
				DEVELOPMENT_TEAM = GAD783T3VR;
				GENERATE_INFOPLIST_FILE = YES;
				MARKETING_VERSION = 1.0;
				PRODUCT_BUNDLE_IDENTIFIER = com.codepath.riseUITests;
				PRODUCT_NAME = "$(TARGET_NAME)";
				SWIFT_EMIT_LOC_STRINGS = NO;
				TARGETED_DEVICE_FAMILY = "1,2";
				TEST_TARGET_NAME = rise;
			};
			name = Debug;
		};
		2ED6589528760D5200B66436 /* Release */ = {
			isa = XCBuildConfiguration;
			baseConfigurationReference = 30E3CD26461577DE0746FC2B /* Pods-rise-riseUITests.release.xcconfig */;
			buildSettings = {
				ALWAYS_EMBED_SWIFT_STANDARD_LIBRARIES = YES;
				CODE_SIGN_STYLE = Automatic;
				CURRENT_PROJECT_VERSION = 1;
				DEVELOPMENT_TEAM = GAD783T3VR;
				GENERATE_INFOPLIST_FILE = YES;
				MARKETING_VERSION = 1.0;
				PRODUCT_BUNDLE_IDENTIFIER = com.codepath.riseUITests;
				PRODUCT_NAME = "$(TARGET_NAME)";
				SWIFT_EMIT_LOC_STRINGS = NO;
				TARGETED_DEVICE_FAMILY = "1,2";
				TEST_TARGET_NAME = rise;
			};
			name = Release;
		};
/* End XCBuildConfiguration section */

/* Begin XCConfigurationList section */
		2ED6585928760D5100B66436 /* Build configuration list for PBXProject "rise" */ = {
			isa = XCConfigurationList;
			buildConfigurations = (
				2ED6588B28760D5200B66436 /* Debug */,
				2ED6588C28760D5200B66436 /* Release */,
			);
			defaultConfigurationIsVisible = 0;
			defaultConfigurationName = Release;
		};
		2ED6588D28760D5200B66436 /* Build configuration list for PBXNativeTarget "rise" */ = {
			isa = XCConfigurationList;
			buildConfigurations = (
				2ED6588E28760D5200B66436 /* Debug */,
				2ED6588F28760D5200B66436 /* Release */,
			);
			defaultConfigurationIsVisible = 0;
			defaultConfigurationName = Release;
		};
		2ED6589028760D5200B66436 /* Build configuration list for PBXNativeTarget "riseTests" */ = {
			isa = XCConfigurationList;
			buildConfigurations = (
				2ED6589128760D5200B66436 /* Debug */,
				2ED6589228760D5200B66436 /* Release */,
			);
			defaultConfigurationIsVisible = 0;
			defaultConfigurationName = Release;
		};
		2ED6589328760D5200B66436 /* Build configuration list for PBXNativeTarget "riseUITests" */ = {
			isa = XCConfigurationList;
			buildConfigurations = (
				2ED6589428760D5200B66436 /* Debug */,
				2ED6589528760D5200B66436 /* Release */,
			);
			defaultConfigurationIsVisible = 0;
			defaultConfigurationName = Release;
		};
/* End XCConfigurationList section */
	};
	rootObject = 2ED6585628760D5100B66436 /* Project object */;
}
